// !$*UTF8*$!
{
	archiveVersion = 1;
	classes = {
	};
	objectVersion = 77;
	objects = {

/* Begin PBXBuildFile section */
		63BFC2712CCE56C500AE757E /* CustomTextField.swift in Sources */ = {isa = PBXBuildFile; fileRef = 63BFC24D2CCE56C500AE757E /* CustomTextField.swift */; };
		63BFC2722CCE56C500AE757E /* Dishes.swift in Sources */ = {isa = PBXBuildFile; fileRef = 63BFC25C2CCE56C500AE757E /* Dishes.swift */; };
		63BFC2732CCE56C500AE757E /* DishViewModel.swift in Sources */ = {isa = PBXBuildFile; fileRef = 63BFC2602CCE56C500AE757E /* DishViewModel.swift */; };
		63BFC2742CCE56C500AE757E /* OrderViewModel.swift in Sources */ = {isa = PBXBuildFile; fileRef = 63BFC2612CCE56C500AE757E /* OrderViewModel.swift */; };
		63BFC2752CCE56C500AE757E /* CompleteOrderView.swift in Sources */ = {isa = PBXBuildFile; fileRef = 63BFC2632CCE56C500AE757E /* CompleteOrderView.swift */; };
		63BFC2762CCE56C500AE757E /* HomeView.swift in Sources */ = {isa = PBXBuildFile; fileRef = 63BFC2642CCE56C500AE757E /* HomeView.swift */; };
		63BFC2772CCE56C500AE757E /* InputCardDetailsView.swift in Sources */ = {isa = PBXBuildFile; fileRef = 63BFC2652CCE56C500AE757E /* InputCardDetailsView.swift */; };
		63BFC2782CCE56C500AE757E /* InputNameView.swift in Sources */ = {isa = PBXBuildFile; fileRef = 63BFC2662CCE56C500AE757E /* InputNameView.swift */; };
		63BFC2792CCE56C500AE757E /* OrderCheckOutScreen.swift in Sources */ = {isa = PBXBuildFile; fileRef = 63BFC2672CCE56C500AE757E /* OrderCheckOutScreen.swift */; };
		63BFC27A2CCE56C500AE757E /* SplashView.swift in Sources */ = {isa = PBXBuildFile; fileRef = 63BFC2682CCE56C500AE757E /* SplashView.swift */; };
		63BFC27B2CCE56C500AE757E /* TrackOrderScreen.swift in Sources */ = {isa = PBXBuildFile; fileRef = 63BFC2692CCE56C500AE757E /* TrackOrderScreen.swift */; };
		63BFC27E2CCE56C500AE757E /* OrderFoodApp.swift in Sources */ = {isa = PBXBuildFile; fileRef = 63BFC26F2CCE56C500AE757E /* OrderFoodApp.swift */; };
		63BFC27F2CCE56C500AE757E /* Brandon-Grotesque-black.otf in Resources */ = {isa = PBXBuildFile; fileRef = 63BFC24F2CCE56C500AE757E /* Brandon-Grotesque-black.otf */; };
		63BFC2802CCE56C500AE757E /* Brandon-Grotesque-blackItalic.otf in Resources */ = {isa = PBXBuildFile; fileRef = 63BFC2502CCE56C500AE757E /* Brandon-Grotesque-blackItalic.otf */; };
		63BFC2812CCE56C500AE757E /* Brandon-Grotesque-bold.otf in Resources */ = {isa = PBXBuildFile; fileRef = 63BFC2512CCE56C500AE757E /* Brandon-Grotesque-bold.otf */; };
		63BFC2822CCE56C500AE757E /* Brandon-Grotesque-bold-italic.otf in Resources */ = {isa = PBXBuildFile; fileRef = 63BFC2522CCE56C500AE757E /* Brandon-Grotesque-bold-italic.otf */; };
		63BFC2832CCE56C500AE757E /* Brandon-Grotesque-light.otf in Resources */ = {isa = PBXBuildFile; fileRef = 63BFC2532CCE56C500AE757E /* Brandon-Grotesque-light.otf */; };
		63BFC2842CCE56C500AE757E /* Brandon-Grotesque-light-italic.otf in Resources */ = {isa = PBXBuildFile; fileRef = 63BFC2542CCE56C500AE757E /* Brandon-Grotesque-light-italic.otf */; };
		63BFC2852CCE56C500AE757E /* Brandon-Grotesque-medium.otf in Resources */ = {isa = PBXBuildFile; fileRef = 63BFC2552CCE56C500AE757E /* Brandon-Grotesque-medium.otf */; };
		63BFC2862CCE56C500AE757E /* Brandon-Grotesque-mediumItalic.otf in Resources */ = {isa = PBXBuildFile; fileRef = 63BFC2562CCE56C500AE757E /* Brandon-Grotesque-mediumItalic.otf */; };
		63BFC2872CCE56C500AE757E /* Brandon-Grotesque-regular.otf in Resources */ = {isa = PBXBuildFile; fileRef = 63BFC2572CCE56C500AE757E /* Brandon-Grotesque-regular.otf */; };
		63BFC2882CCE56C500AE757E /* Brandon-Grotesque-regularItalic.otf in Resources */ = {isa = PBXBuildFile; fileRef = 63BFC2582CCE56C500AE757E /* Brandon-Grotesque-regularItalic.otf */; };
		63BFC2892CCE56C500AE757E /* Brandon-Grotesque-thin.otf in Resources */ = {isa = PBXBuildFile; fileRef = 63BFC2592CCE56C500AE757E /* Brandon-Grotesque-thin.otf */; };
		63BFC28A2CCE56C500AE757E /* Brandon-Grotesque-thinItalic.otf in Resources */ = {isa = PBXBuildFile; fileRef = 63BFC25A2CCE56C500AE757E /* Brandon-Grotesque-thinItalic.otf */; };
		63BFC28B2CCE56C500AE757E /* Preview Assets.xcassets in Resources */ = {isa = PBXBuildFile; fileRef = 63BFC25E2CCE56C500AE757E /* Preview Assets.xcassets */; };
		63BFC28C2CCE56C500AE757E /* Assets.xcassets in Resources */ = {isa = PBXBuildFile; fileRef = 63BFC26B2CCE56C500AE757E /* Assets.xcassets */; };
		63C6C2832CD0C1ED007615C8 /* Order.swift in Sources */ = {isa = PBXBuildFile; fileRef = 63C6C2822CD0C1ED007615C8 /* Order.swift */; };
/* End PBXBuildFile section */

/* Begin PBXContainerItemProxy section */
		635B4BE32CB016730015FB21 /* PBXContainerItemProxy */ = {
			isa = PBXContainerItemProxy;
			containerPortal = 635B4BC82CB016710015FB21 /* Project object */;
			proxyType = 1;
			remoteGlobalIDString = 635B4BCF2CB016710015FB21;
			remoteInfo = OrderFood;
		};
		635B4BED2CB016730015FB21 /* PBXContainerItemProxy */ = {
			isa = PBXContainerItemProxy;
			containerPortal = 635B4BC82CB016710015FB21 /* Project object */;
			proxyType = 1;
			remoteGlobalIDString = 635B4BCF2CB016710015FB21;
			remoteInfo = OrderFood;
		};
/* End PBXContainerItemProxy section */

/* Begin PBXFileReference section */
		635B4BD02CB016710015FB21 /* OrderFood.app */ = {isa = PBXFileReference; explicitFileType = wrapper.application; includeInIndex = 0; path = OrderFood.app; sourceTree = BUILT_PRODUCTS_DIR; };
		635B4BE22CB016730015FB21 /* OrderFoodTests.xctest */ = {isa = PBXFileReference; explicitFileType = wrapper.cfbundle; includeInIndex = 0; path = OrderFoodTests.xctest; sourceTree = BUILT_PRODUCTS_DIR; };
		635B4BEC2CB016730015FB21 /* OrderFoodUITests.xctest */ = {isa = PBXFileReference; explicitFileType = wrapper.cfbundle; includeInIndex = 0; path = OrderFoodUITests.xctest; sourceTree = BUILT_PRODUCTS_DIR; };
		63BFC24D2CCE56C500AE757E /* CustomTextField.swift */ = {isa = PBXFileReference; lastKnownFileType = sourcecode.swift; path = CustomTextField.swift; sourceTree = "<group>"; };
		63BFC24F2CCE56C500AE757E /* Brandon-Grotesque-black.otf */ = {isa = PBXFileReference; lastKnownFileType = file; path = "Brandon-Grotesque-black.otf"; sourceTree = "<group>"; };
		63BFC2502CCE56C500AE757E /* Brandon-Grotesque-blackItalic.otf */ = {isa = PBXFileReference; lastKnownFileType = file; path = "Brandon-Grotesque-blackItalic.otf"; sourceTree = "<group>"; };
		63BFC2512CCE56C500AE757E /* Brandon-Grotesque-bold.otf */ = {isa = PBXFileReference; lastKnownFileType = file; path = "Brandon-Grotesque-bold.otf"; sourceTree = "<group>"; };
		63BFC2522CCE56C500AE757E /* Brandon-Grotesque-bold-italic.otf */ = {isa = PBXFileReference; lastKnownFileType = file; path = "Brandon-Grotesque-bold-italic.otf"; sourceTree = "<group>"; };
		63BFC2532CCE56C500AE757E /* Brandon-Grotesque-light.otf */ = {isa = PBXFileReference; lastKnownFileType = file; path = "Brandon-Grotesque-light.otf"; sourceTree = "<group>"; };
		63BFC2542CCE56C500AE757E /* Brandon-Grotesque-light-italic.otf */ = {isa = PBXFileReference; lastKnownFileType = file; path = "Brandon-Grotesque-light-italic.otf"; sourceTree = "<group>"; };
		63BFC2552CCE56C500AE757E /* Brandon-Grotesque-medium.otf */ = {isa = PBXFileReference; lastKnownFileType = file; path = "Brandon-Grotesque-medium.otf"; sourceTree = "<group>"; };
		63BFC2562CCE56C500AE757E /* Brandon-Grotesque-mediumItalic.otf */ = {isa = PBXFileReference; lastKnownFileType = file; path = "Brandon-Grotesque-mediumItalic.otf"; sourceTree = "<group>"; };
		63BFC2572CCE56C500AE757E /* Brandon-Grotesque-regular.otf */ = {isa = PBXFileReference; lastKnownFileType = file; path = "Brandon-Grotesque-regular.otf"; sourceTree = "<group>"; };
		63BFC2582CCE56C500AE757E /* Brandon-Grotesque-regularItalic.otf */ = {isa = PBXFileReference; lastKnownFileType = file; path = "Brandon-Grotesque-regularItalic.otf"; sourceTree = "<group>"; };
		63BFC2592CCE56C500AE757E /* Brandon-Grotesque-thin.otf */ = {isa = PBXFileReference; lastKnownFileType = file; path = "Brandon-Grotesque-thin.otf"; sourceTree = "<group>"; };
		63BFC25A2CCE56C500AE757E /* Brandon-Grotesque-thinItalic.otf */ = {isa = PBXFileReference; lastKnownFileType = file; path = "Brandon-Grotesque-thinItalic.otf"; sourceTree = "<group>"; };
		63BFC25C2CCE56C500AE757E /* Dishes.swift */ = {isa = PBXFileReference; lastKnownFileType = sourcecode.swift; path = Dishes.swift; sourceTree = "<group>"; };
		63BFC25E2CCE56C500AE757E /* Preview Assets.xcassets */ = {isa = PBXFileReference; lastKnownFileType = folder.assetcatalog; path = "Preview Assets.xcassets"; sourceTree = "<group>"; };
		63BFC2602CCE56C500AE757E /* DishViewModel.swift */ = {isa = PBXFileReference; lastKnownFileType = sourcecode.swift; path = DishViewModel.swift; sourceTree = "<group>"; };
		63BFC2612CCE56C500AE757E /* OrderViewModel.swift */ = {isa = PBXFileReference; lastKnownFileType = sourcecode.swift; path = OrderViewModel.swift; sourceTree = "<group>"; };
		63BFC2632CCE56C500AE757E /* CompleteOrderView.swift */ = {isa = PBXFileReference; lastKnownFileType = sourcecode.swift; path = CompleteOrderView.swift; sourceTree = "<group>"; };
		63BFC2642CCE56C500AE757E /* HomeView.swift */ = {isa = PBXFileReference; lastKnownFileType = sourcecode.swift; path = HomeView.swift; sourceTree = "<group>"; };
		63BFC2652CCE56C500AE757E /* InputCardDetailsView.swift */ = {isa = PBXFileReference; lastKnownFileType = sourcecode.swift; path = InputCardDetailsView.swift; sourceTree = "<group>"; };
		63BFC2662CCE56C500AE757E /* InputNameView.swift */ = {isa = PBXFileReference; lastKnownFileType = sourcecode.swift; path = InputNameView.swift; sourceTree = "<group>"; };
		63BFC2672CCE56C500AE757E /* OrderCheckOutScreen.swift */ = {isa = PBXFileReference; lastKnownFileType = sourcecode.swift; path = OrderCheckOutScreen.swift; sourceTree = "<group>"; };
		63BFC2682CCE56C500AE757E /* SplashView.swift */ = {isa = PBXFileReference; lastKnownFileType = sourcecode.swift; path = SplashView.swift; sourceTree = "<group>"; };
		63BFC2692CCE56C500AE757E /* TrackOrderScreen.swift */ = {isa = PBXFileReference; lastKnownFileType = sourcecode.swift; path = TrackOrderScreen.swift; sourceTree = "<group>"; };
		63BFC26B2CCE56C500AE757E /* Assets.xcassets */ = {isa = PBXFileReference; lastKnownFileType = folder.assetcatalog; path = Assets.xcassets; sourceTree = "<group>"; };
		63BFC26D2CCE56C500AE757E /* Info.plist */ = {isa = PBXFileReference; lastKnownFileType = text.plist.xml; path = Info.plist; sourceTree = "<group>"; };
		63BFC26F2CCE56C500AE757E /* OrderFoodApp.swift */ = {isa = PBXFileReference; lastKnownFileType = sourcecode.swift; path = OrderFoodApp.swift; sourceTree = "<group>"; };
		63C6C2822CD0C1ED007615C8 /* Order.swift */ = {isa = PBXFileReference; lastKnownFileType = sourcecode.swift; path = Order.swift; sourceTree = "<group>"; };
/* End PBXFileReference section */

/* Begin PBXFileSystemSynchronizedRootGroup section */
		635B4BE52CB016730015FB21 /* OrderFoodTests */ = {
			isa = PBXFileSystemSynchronizedRootGroup;
			path = OrderFoodTests;
			sourceTree = "<group>";
		};
		635B4BEF2CB016730015FB21 /* OrderFoodUITests */ = {
			isa = PBXFileSystemSynchronizedRootGroup;
			path = OrderFoodUITests;
			sourceTree = "<group>";
		};
/* End PBXFileSystemSynchronizedRootGroup section */

/* Begin PBXFrameworksBuildPhase section */
		635B4BCD2CB016710015FB21 /* Frameworks */ = {
			isa = PBXFrameworksBuildPhase;
			buildActionMask = 2147483647;
			files = (
			);
			runOnlyForDeploymentPostprocessing = 0;
		};
		635B4BDF2CB016730015FB21 /* Frameworks */ = {
			isa = PBXFrameworksBuildPhase;
			buildActionMask = 2147483647;
			files = (
			);
			runOnlyForDeploymentPostprocessing = 0;
		};
		635B4BE92CB016730015FB21 /* Frameworks */ = {
			isa = PBXFrameworksBuildPhase;
			buildActionMask = 2147483647;
			files = (
			);
			runOnlyForDeploymentPostprocessing = 0;
		};
/* End PBXFrameworksBuildPhase section */

/* Begin PBXGroup section */
		635B4BC72CB016710015FB21 = {
			isa = PBXGroup;
			children = (
				63BFC2702CCE56C500AE757E /* OrderFood */,
				635B4BE52CB016730015FB21 /* OrderFoodTests */,
				635B4BEF2CB016730015FB21 /* OrderFoodUITests */,
				635B4BD12CB016710015FB21 /* Products */,
			);
			sourceTree = "<group>";
		};
		635B4BD12CB016710015FB21 /* Products */ = {
			isa = PBXGroup;
			children = (
				635B4BD02CB016710015FB21 /* OrderFood.app */,
				635B4BE22CB016730015FB21 /* OrderFoodTests.xctest */,
				635B4BEC2CB016730015FB21 /* OrderFoodUITests.xctest */,
			);
			name = Products;
			sourceTree = "<group>";
		};
		63BFC24E2CCE56C500AE757E /* Custom Views */ = {
			isa = PBXGroup;
			children = (
				63BFC24D2CCE56C500AE757E /* CustomTextField.swift */,
			);
			path = "Custom Views";
			sourceTree = "<group>";
		};
		63BFC25B2CCE56C500AE757E /* Fonts */ = {
			isa = PBXGroup;
			children = (
				63BFC24F2CCE56C500AE757E /* Brandon-Grotesque-black.otf */,
				63BFC2502CCE56C500AE757E /* Brandon-Grotesque-blackItalic.otf */,
				63BFC2512CCE56C500AE757E /* Brandon-Grotesque-bold.otf */,
				63BFC2522CCE56C500AE757E /* Brandon-Grotesque-bold-italic.otf */,
				63BFC2532CCE56C500AE757E /* Brandon-Grotesque-light.otf */,
				63BFC2542CCE56C500AE757E /* Brandon-Grotesque-light-italic.otf */,
				63BFC2552CCE56C500AE757E /* Brandon-Grotesque-medium.otf */,
				63BFC2562CCE56C500AE757E /* Brandon-Grotesque-mediumItalic.otf */,
				63BFC2572CCE56C500AE757E /* Brandon-Grotesque-regular.otf */,
				63BFC2582CCE56C500AE757E /* Brandon-Grotesque-regularItalic.otf */,
				63BFC2592CCE56C500AE757E /* Brandon-Grotesque-thin.otf */,
				63BFC25A2CCE56C500AE757E /* Brandon-Grotesque-thinItalic.otf */,
			);
			path = Fonts;
			sourceTree = "<group>";
		};
		63BFC25D2CCE56C500AE757E /* Model */ = {
			isa = PBXGroup;
			children = (
				63BFC25C2CCE56C500AE757E /* Dishes.swift */,
				63C6C2822CD0C1ED007615C8 /* Order.swift */,
			);
			path = Model;
			sourceTree = "<group>";
		};
		63BFC25F2CCE56C500AE757E /* Preview Content */ = {
			isa = PBXGroup;
			children = (
				63BFC25E2CCE56C500AE757E /* Preview Assets.xcassets */,
			);
			path = "Preview Content";
			sourceTree = "<group>";
		};
		63BFC2622CCE56C500AE757E /* ViewModel */ = {
			isa = PBXGroup;
			children = (
				63BFC2602CCE56C500AE757E /* DishViewModel.swift */,
				63BFC2612CCE56C500AE757E /* OrderViewModel.swift */,
			);
			path = ViewModel;
			sourceTree = "<group>";
		};
		63BFC26A2CCE56C500AE757E /* Views */ = {
			isa = PBXGroup;
			children = (
				63BFC2632CCE56C500AE757E /* CompleteOrderView.swift */,
				63BFC2642CCE56C500AE757E /* HomeView.swift */,
				63BFC2652CCE56C500AE757E /* InputCardDetailsView.swift */,
				63BFC2662CCE56C500AE757E /* InputNameView.swift */,
				63BFC2672CCE56C500AE757E /* OrderCheckOutScreen.swift */,
				63BFC2682CCE56C500AE757E /* SplashView.swift */,
				63BFC2692CCE56C500AE757E /* TrackOrderScreen.swift */,
			);
			path = Views;
			sourceTree = "<group>";
		};
		63BFC2702CCE56C500AE757E /* OrderFood */ = {
			isa = PBXGroup;
			children = (
				63BFC24E2CCE56C500AE757E /* Custom Views */,
				63BFC25B2CCE56C500AE757E /* Fonts */,
				63BFC25D2CCE56C500AE757E /* Model */,
				63BFC25F2CCE56C500AE757E /* Preview Content */,
				63BFC2622CCE56C500AE757E /* ViewModel */,
				63BFC26A2CCE56C500AE757E /* Views */,
				63BFC26B2CCE56C500AE757E /* Assets.xcassets */,
				63BFC26D2CCE56C500AE757E /* Info.plist */,
				63BFC26F2CCE56C500AE757E /* OrderFoodApp.swift */,
			);
			path = OrderFood;
			sourceTree = "<group>";
		};
/* End PBXGroup section */

/* Begin PBXNativeTarget section */
		635B4BCF2CB016710015FB21 /* OrderFood */ = {
			isa = PBXNativeTarget;
			buildConfigurationList = 635B4BF62CB016730015FB21 /* Build configuration list for PBXNativeTarget "OrderFood" */;
			buildPhases = (
				635B4BCC2CB016710015FB21 /* Sources */,
				635B4BCD2CB016710015FB21 /* Frameworks */,
				635B4BCE2CB016710015FB21 /* Resources */,
			);
			buildRules = (
			);
			dependencies = (
			);
			name = OrderFood;
			packageProductDependencies = (
			);
			productName = OrderFood;
			productReference = 635B4BD02CB016710015FB21 /* OrderFood.app */;
			productType = "com.apple.product-type.application";
		};
		635B4BE12CB016730015FB21 /* OrderFoodTests */ = {
			isa = PBXNativeTarget;
			buildConfigurationList = 635B4BF92CB016730015FB21 /* Build configuration list for PBXNativeTarget "OrderFoodTests" */;
			buildPhases = (
				635B4BDE2CB016730015FB21 /* Sources */,
				635B4BDF2CB016730015FB21 /* Frameworks */,
				635B4BE02CB016730015FB21 /* Resources */,
			);
			buildRules = (
			);
			dependencies = (
				635B4BE42CB016730015FB21 /* PBXTargetDependency */,
			);
			fileSystemSynchronizedGroups = (
				635B4BE52CB016730015FB21 /* OrderFoodTests */,
			);
			name = OrderFoodTests;
			packageProductDependencies = (
			);
			productName = OrderFoodTests;
			productReference = 635B4BE22CB016730015FB21 /* OrderFoodTests.xctest */;
			productType = "com.apple.product-type.bundle.unit-test";
		};
		635B4BEB2CB016730015FB21 /* OrderFoodUITests */ = {
			isa = PBXNativeTarget;
			buildConfigurationList = 635B4BFC2CB016730015FB21 /* Build configuration list for PBXNativeTarget "OrderFoodUITests" */;
			buildPhases = (
				635B4BE82CB016730015FB21 /* Sources */,
				635B4BE92CB016730015FB21 /* Frameworks */,
				635B4BEA2CB016730015FB21 /* Resources */,
			);
			buildRules = (
			);
			dependencies = (
				635B4BEE2CB016730015FB21 /* PBXTargetDependency */,
			);
			fileSystemSynchronizedGroups = (
				635B4BEF2CB016730015FB21 /* OrderFoodUITests */,
			);
			name = OrderFoodUITests;
			packageProductDependencies = (
			);
			productName = OrderFoodUITests;
			productReference = 635B4BEC2CB016730015FB21 /* OrderFoodUITests.xctest */;
			productType = "com.apple.product-type.bundle.ui-testing";
		};
/* End PBXNativeTarget section */

/* Begin PBXProject section */
		635B4BC82CB016710015FB21 /* Project object */ = {
			isa = PBXProject;
			attributes = {
				BuildIndependentTargetsInParallel = 1;
				LastSwiftUpdateCheck = 1600;
				LastUpgradeCheck = 1600;
				TargetAttributes = {
					635B4BCF2CB016710015FB21 = {
						CreatedOnToolsVersion = 16.0;
					};
					635B4BE12CB016730015FB21 = {
						CreatedOnToolsVersion = 16.0;
						TestTargetID = 635B4BCF2CB016710015FB21;
					};
					635B4BEB2CB016730015FB21 = {
						CreatedOnToolsVersion = 16.0;
						TestTargetID = 635B4BCF2CB016710015FB21;
					};
				};
			};
			buildConfigurationList = 635B4BCB2CB016710015FB21 /* Build configuration list for PBXProject "OrderFood" */;
			developmentRegion = en;
			hasScannedForEncodings = 0;
			knownRegions = (
				en,
				Base,
			);
			mainGroup = 635B4BC72CB016710015FB21;
			minimizedProjectReferenceProxies = 1;
			preferredProjectObjectVersion = 77;
			productRefGroup = 635B4BD12CB016710015FB21 /* Products */;
			projectDirPath = "";
			projectRoot = "";
			targets = (
				635B4BCF2CB016710015FB21 /* OrderFood */,
				635B4BE12CB016730015FB21 /* OrderFoodTests */,
				635B4BEB2CB016730015FB21 /* OrderFoodUITests */,
			);
		};
/* End PBXProject section */

/* Begin PBXResourcesBuildPhase section */
		635B4BCE2CB016710015FB21 /* Resources */ = {
			isa = PBXResourcesBuildPhase;
			buildActionMask = 2147483647;
			files = (
				63BFC27F2CCE56C500AE757E /* Brandon-Grotesque-black.otf in Resources */,
				63BFC2802CCE56C500AE757E /* Brandon-Grotesque-blackItalic.otf in Resources */,
				63BFC2812CCE56C500AE757E /* Brandon-Grotesque-bold.otf in Resources */,
				63BFC2822CCE56C500AE757E /* Brandon-Grotesque-bold-italic.otf in Resources */,
				63BFC2832CCE56C500AE757E /* Brandon-Grotesque-light.otf in Resources */,
				63BFC2842CCE56C500AE757E /* Brandon-Grotesque-light-italic.otf in Resources */,
				63BFC2852CCE56C500AE757E /* Brandon-Grotesque-medium.otf in Resources */,
				63BFC2862CCE56C500AE757E /* Brandon-Grotesque-mediumItalic.otf in Resources */,
				63BFC2872CCE56C500AE757E /* Brandon-Grotesque-regular.otf in Resources */,
				63BFC2882CCE56C500AE757E /* Brandon-Grotesque-regularItalic.otf in Resources */,
				63BFC2892CCE56C500AE757E /* Brandon-Grotesque-thin.otf in Resources */,
				63BFC28A2CCE56C500AE757E /* Brandon-Grotesque-thinItalic.otf in Resources */,
				63BFC28B2CCE56C500AE757E /* Preview Assets.xcassets in Resources */,
				63BFC28C2CCE56C500AE757E /* Assets.xcassets in Resources */,
			);
			runOnlyForDeploymentPostprocessing = 0;
		};
		635B4BE02CB016730015FB21 /* Resources */ = {
			isa = PBXResourcesBuildPhase;
			buildActionMask = 2147483647;
			files = (
			);
			runOnlyForDeploymentPostprocessing = 0;
		};
		635B4BEA2CB016730015FB21 /* Resources */ = {
			isa = PBXResourcesBuildPhase;
			buildActionMask = 2147483647;
			files = (
			);
			runOnlyForDeploymentPostprocessing = 0;
		};
/* End PBXResourcesBuildPhase section */

/* Begin PBXSourcesBuildPhase section */
		635B4BCC2CB016710015FB21 /* Sources */ = {
			isa = PBXSourcesBuildPhase;
			buildActionMask = 2147483647;
			files = (
				63BFC2712CCE56C500AE757E /* CustomTextField.swift in Sources */,
				63BFC2722CCE56C500AE757E /* Dishes.swift in Sources */,
				63BFC2732CCE56C500AE757E /* DishViewModel.swift in Sources */,
				63BFC2742CCE56C500AE757E /* OrderViewModel.swift in Sources */,
				63BFC2752CCE56C500AE757E /* CompleteOrderView.swift in Sources */,
				63BFC2762CCE56C500AE757E /* HomeView.swift in Sources */,
				63BFC2772CCE56C500AE757E /* InputCardDetailsView.swift in Sources */,
				63BFC2782CCE56C500AE757E /* InputNameView.swift in Sources */,
				63BFC2792CCE56C500AE757E /* OrderCheckOutScreen.swift in Sources */,
				63BFC27A2CCE56C500AE757E /* SplashView.swift in Sources */,
				63BFC27B2CCE56C500AE757E /* TrackOrderScreen.swift in Sources */,
				63C6C2832CD0C1ED007615C8 /* Order.swift in Sources */,
				63BFC27E2CCE56C500AE757E /* OrderFoodApp.swift in Sources */,
			);
			runOnlyForDeploymentPostprocessing = 0;
		};
		635B4BDE2CB016730015FB21 /* Sources */ = {
			isa = PBXSourcesBuildPhase;
			buildActionMask = 2147483647;
			files = (
			);
			runOnlyForDeploymentPostprocessing = 0;
		};
		635B4BE82CB016730015FB21 /* Sources */ = {
			isa = PBXSourcesBuildPhase;
			buildActionMask = 2147483647;
			files = (
			);
			runOnlyForDeploymentPostprocessing = 0;
		};
/* End PBXSourcesBuildPhase section */

/* Begin PBXTargetDependency section */
		635B4BE42CB016730015FB21 /* PBXTargetDependency */ = {
			isa = PBXTargetDependency;
			target = 635B4BCF2CB016710015FB21 /* OrderFood */;
			targetProxy = 635B4BE32CB016730015FB21 /* PBXContainerItemProxy */;
		};
		635B4BEE2CB016730015FB21 /* PBXTargetDependency */ = {
			isa = PBXTargetDependency;
			target = 635B4BCF2CB016710015FB21 /* OrderFood */;
			targetProxy = 635B4BED2CB016730015FB21 /* PBXContainerItemProxy */;
		};
/* End PBXTargetDependency section */

/* Begin XCBuildConfiguration section */
		635B4BF42CB016730015FB21 /* Debug */ = {
			isa = XCBuildConfiguration;
			buildSettings = {
				ALWAYS_SEARCH_USER_PATHS = NO;
				ASSETCATALOG_COMPILER_GENERATE_SWIFT_ASSET_SYMBOL_EXTENSIONS = YES;
				CLANG_ANALYZER_NONNULL = YES;
				CLANG_ANALYZER_NUMBER_OBJECT_CONVERSION = YES_AGGRESSIVE;
				CLANG_CXX_LANGUAGE_STANDARD = "gnu++20";
				CLANG_ENABLE_MODULES = YES;
				CLANG_ENABLE_OBJC_ARC = YES;
				CLANG_ENABLE_OBJC_WEAK = YES;
				CLANG_WARN_BLOCK_CAPTURE_AUTORELEASING = YES;
				CLANG_WARN_BOOL_CONVERSION = YES;
				CLANG_WARN_COMMA = YES;
				CLANG_WARN_CONSTANT_CONVERSION = YES;
				CLANG_WARN_DEPRECATED_OBJC_IMPLEMENTATIONS = YES;
				CLANG_WARN_DIRECT_OBJC_ISA_USAGE = YES_ERROR;
				CLANG_WARN_DOCUMENTATION_COMMENTS = YES;
				CLANG_WARN_EMPTY_BODY = YES;
				CLANG_WARN_ENUM_CONVERSION = YES;
				CLANG_WARN_INFINITE_RECURSION = YES;
				CLANG_WARN_INT_CONVERSION = YES;
				CLANG_WARN_NON_LITERAL_NULL_CONVERSION = YES;
				CLANG_WARN_OBJC_IMPLICIT_RETAIN_SELF = YES;
				CLANG_WARN_OBJC_LITERAL_CONVERSION = YES;
				CLANG_WARN_OBJC_ROOT_CLASS = YES_ERROR;
				CLANG_WARN_QUOTED_INCLUDE_IN_FRAMEWORK_HEADER = YES;
				CLANG_WARN_RANGE_LOOP_ANALYSIS = YES;
				CLANG_WARN_STRICT_PROTOTYPES = YES;
				CLANG_WARN_SUSPICIOUS_MOVE = YES;
				CLANG_WARN_UNGUARDED_AVAILABILITY = YES_AGGRESSIVE;
				CLANG_WARN_UNREACHABLE_CODE = YES;
				CLANG_WARN__DUPLICATE_METHOD_MATCH = YES;
				COPY_PHASE_STRIP = NO;
				DEBUG_INFORMATION_FORMAT = dwarf;
				ENABLE_STRICT_OBJC_MSGSEND = YES;
				ENABLE_TESTABILITY = YES;
				ENABLE_USER_SCRIPT_SANDBOXING = YES;
				GCC_C_LANGUAGE_STANDARD = gnu17;
				GCC_DYNAMIC_NO_PIC = NO;
				GCC_NO_COMMON_BLOCKS = YES;
				GCC_OPTIMIZATION_LEVEL = 0;
				GCC_PREPROCESSOR_DEFINITIONS = (
					"DEBUG=1",
					"$(inherited)",
				);
				GCC_WARN_64_TO_32_BIT_CONVERSION = YES;
				GCC_WARN_ABOUT_RETURN_TYPE = YES_ERROR;
				GCC_WARN_UNDECLARED_SELECTOR = YES;
				GCC_WARN_UNINITIALIZED_AUTOS = YES_AGGRESSIVE;
				GCC_WARN_UNUSED_FUNCTION = YES;
				GCC_WARN_UNUSED_VARIABLE = YES;
				IPHONEOS_DEPLOYMENT_TARGET = 18.0;
				LOCALIZATION_PREFERS_STRING_CATALOGS = YES;
				MTL_ENABLE_DEBUG_INFO = INCLUDE_SOURCE;
				MTL_FAST_MATH = YES;
				ONLY_ACTIVE_ARCH = YES;
				SDKROOT = iphoneos;
				SWIFT_ACTIVE_COMPILATION_CONDITIONS = "DEBUG $(inherited)";
				SWIFT_OPTIMIZATION_LEVEL = "-Onone";
			};
			name = Debug;
		};
		635B4BF52CB016730015FB21 /* Release */ = {
			isa = XCBuildConfiguration;
			buildSettings = {
				ALWAYS_SEARCH_USER_PATHS = NO;
				ASSETCATALOG_COMPILER_GENERATE_SWIFT_ASSET_SYMBOL_EXTENSIONS = YES;
				CLANG_ANALYZER_NONNULL = YES;
				CLANG_ANALYZER_NUMBER_OBJECT_CONVERSION = YES_AGGRESSIVE;
				CLANG_CXX_LANGUAGE_STANDARD = "gnu++20";
				CLANG_ENABLE_MODULES = YES;
				CLANG_ENABLE_OBJC_ARC = YES;
				CLANG_ENABLE_OBJC_WEAK = YES;
				CLANG_WARN_BLOCK_CAPTURE_AUTORELEASING = YES;
				CLANG_WARN_BOOL_CONVERSION = YES;
				CLANG_WARN_COMMA = YES;
				CLANG_WARN_CONSTANT_CONVERSION = YES;
				CLANG_WARN_DEPRECATED_OBJC_IMPLEMENTATIONS = YES;
				CLANG_WARN_DIRECT_OBJC_ISA_USAGE = YES_ERROR;
				CLANG_WARN_DOCUMENTATION_COMMENTS = YES;
				CLANG_WARN_EMPTY_BODY = YES;
				CLANG_WARN_ENUM_CONVERSION = YES;
				CLANG_WARN_INFINITE_RECURSION = YES;
				CLANG_WARN_INT_CONVERSION = YES;
				CLANG_WARN_NON_LITERAL_NULL_CONVERSION = YES;
				CLANG_WARN_OBJC_IMPLICIT_RETAIN_SELF = YES;
				CLANG_WARN_OBJC_LITERAL_CONVERSION = YES;
				CLANG_WARN_OBJC_ROOT_CLASS = YES_ERROR;
				CLANG_WARN_QUOTED_INCLUDE_IN_FRAMEWORK_HEADER = YES;
				CLANG_WARN_RANGE_LOOP_ANALYSIS = YES;
				CLANG_WARN_STRICT_PROTOTYPES = YES;
				CLANG_WARN_SUSPICIOUS_MOVE = YES;
				CLANG_WARN_UNGUARDED_AVAILABILITY = YES_AGGRESSIVE;
				CLANG_WARN_UNREACHABLE_CODE = YES;
				CLANG_WARN__DUPLICATE_METHOD_MATCH = YES;
				COPY_PHASE_STRIP = NO;
				DEBUG_INFORMATION_FORMAT = "dwarf-with-dsym";
				ENABLE_NS_ASSERTIONS = NO;
				ENABLE_STRICT_OBJC_MSGSEND = YES;
				ENABLE_USER_SCRIPT_SANDBOXING = YES;
				GCC_C_LANGUAGE_STANDARD = gnu17;
				GCC_NO_COMMON_BLOCKS = YES;
				GCC_WARN_64_TO_32_BIT_CONVERSION = YES;
				GCC_WARN_ABOUT_RETURN_TYPE = YES_ERROR;
				GCC_WARN_UNDECLARED_SELECTOR = YES;
				GCC_WARN_UNINITIALIZED_AUTOS = YES_AGGRESSIVE;
				GCC_WARN_UNUSED_FUNCTION = YES;
				GCC_WARN_UNUSED_VARIABLE = YES;
				IPHONEOS_DEPLOYMENT_TARGET = 18.0;
				LOCALIZATION_PREFERS_STRING_CATALOGS = YES;
				MTL_ENABLE_DEBUG_INFO = NO;
				MTL_FAST_MATH = YES;
				SDKROOT = iphoneos;
				SWIFT_COMPILATION_MODE = wholemodule;
				VALIDATE_PRODUCT = YES;
			};
			name = Release;
		};
		635B4BF72CB016730015FB21 /* Debug */ = {
			isa = XCBuildConfiguration;
			buildSettings = {
				ASSETCATALOG_COMPILER_APPICON_NAME = AppIcon;
				ASSETCATALOG_COMPILER_GLOBAL_ACCENT_COLOR_NAME = AccentColor;
				CODE_SIGN_STYLE = Automatic;
				CURRENT_PROJECT_VERSION = 1;
				DEVELOPMENT_ASSET_PATHS = "\"OrderFood/Preview Content\"";
				DEVELOPMENT_TEAM = 7KRV65Y334;
				ENABLE_PREVIEWS = YES;
				GENERATE_INFOPLIST_FILE = YES;
				INFOPLIST_FILE = OrderFood/Info.plist;
				INFOPLIST_KEY_UIApplicationSceneManifest_Generation = YES;
				INFOPLIST_KEY_UIApplicationSupportsIndirectInputEvents = YES;
				INFOPLIST_KEY_UILaunchScreen_Generation = YES;
				INFOPLIST_KEY_UISupportedInterfaceOrientations_iPad = "UIInterfaceOrientationPortrait UIInterfaceOrientationPortraitUpsideDown UIInterfaceOrientationLandscapeLeft UIInterfaceOrientationLandscapeRight";
				INFOPLIST_KEY_UISupportedInterfaceOrientations_iPhone = "UIInterfaceOrientationPortrait UIInterfaceOrientationLandscapeLeft UIInterfaceOrientationLandscapeRight";
				LD_RUNPATH_SEARCH_PATHS = (
					"$(inherited)",
					"@executable_path/Frameworks",
				);
				MARKETING_VERSION = 1.0;
				PRODUCT_BUNDLE_IDENTIFIER = com.chatdemo.ios.OrderFood;
				PRODUCT_NAME = "$(TARGET_NAME)";
				SWIFT_EMIT_LOC_STRINGS = YES;
				SWIFT_VERSION = 5.0;
				TARGETED_DEVICE_FAMILY = "1,2";
			};
			name = Debug;
		};
		635B4BF82CB016730015FB21 /* Release */ = {
			isa = XCBuildConfiguration;
			buildSettings = {
				ASSETCATALOG_COMPILER_APPICON_NAME = AppIcon;
				ASSETCATALOG_COMPILER_GLOBAL_ACCENT_COLOR_NAME = AccentColor;
				CODE_SIGN_STYLE = Automatic;
				CURRENT_PROJECT_VERSION = 1;
				DEVELOPMENT_ASSET_PATHS = "\"OrderFood/Preview Content\"";
				DEVELOPMENT_TEAM = 7KRV65Y334;
				ENABLE_PREVIEWS = YES;
				GENERATE_INFOPLIST_FILE = YES;
				INFOPLIST_FILE = OrderFood/Info.plist;
				INFOPLIST_KEY_UIApplicationSceneManifest_Generation = YES;
				INFOPLIST_KEY_UIApplicationSupportsIndirectInputEvents = YES;
				INFOPLIST_KEY_UILaunchScreen_Generation = YES;
				INFOPLIST_KEY_UISupportedInterfaceOrientations_iPad = "UIInterfaceOrientationPortrait UIInterfaceOrientationPortraitUpsideDown UIInterfaceOrientationLandscapeLeft UIInterfaceOrientationLandscapeRight";
				INFOPLIST_KEY_UISupportedInterfaceOrientations_iPhone = "UIInterfaceOrientationPortrait UIInterfaceOrientationLandscapeLeft UIInterfaceOrientationLandscapeRight";
				LD_RUNPATH_SEARCH_PATHS = (
					"$(inherited)",
					"@executable_path/Frameworks",
				);
				MARKETING_VERSION = 1.0;
				PRODUCT_BUNDLE_IDENTIFIER = com.chatdemo.ios.OrderFood;
				PRODUCT_NAME = "$(TARGET_NAME)";
				SWIFT_EMIT_LOC_STRINGS = YES;
				SWIFT_VERSION = 5.0;
				TARGETED_DEVICE_FAMILY = "1,2";
			};
			name = Release;
		};
		635B4BFA2CB016730015FB21 /* Debug */ = {
			isa = XCBuildConfiguration;
			buildSettings = {
				BUNDLE_LOADER = "$(TEST_HOST)";
				CODE_SIGN_STYLE = Automatic;
				CURRENT_PROJECT_VERSION = 1;
				DEVELOPMENT_TEAM = 7KRV65Y334;
				GENERATE_INFOPLIST_FILE = YES;
				IPHONEOS_DEPLOYMENT_TARGET = 18.0;
				MARKETING_VERSION = 1.0;
				PRODUCT_BUNDLE_IDENTIFIER = com.chatdemo.ios.OrderFoodTests;
				PRODUCT_NAME = "$(TARGET_NAME)";
				SWIFT_EMIT_LOC_STRINGS = NO;
				SWIFT_VERSION = 5.0;
				TARGETED_DEVICE_FAMILY = "1,2";
				TEST_HOST = "$(BUILT_PRODUCTS_DIR)/OrderFood.app/$(BUNDLE_EXECUTABLE_FOLDER_PATH)/OrderFood";
			};
			name = Debug;
		};
		635B4BFB2CB016730015FB21 /* Release */ = {
			isa = XCBuildConfiguration;
			buildSettings = {
				BUNDLE_LOADER = "$(TEST_HOST)";
				CODE_SIGN_STYLE = Automatic;
				CURRENT_PROJECT_VERSION = 1;
				DEVELOPMENT_TEAM = 7KRV65Y334;
				GENERATE_INFOPLIST_FILE = YES;
				IPHONEOS_DEPLOYMENT_TARGET = 18.0;
				MARKETING_VERSION = 1.0;
				PRODUCT_BUNDLE_IDENTIFIER = com.chatdemo.ios.OrderFoodTests;
				PRODUCT_NAME = "$(TARGET_NAME)";
				SWIFT_EMIT_LOC_STRINGS = NO;
				SWIFT_VERSION = 5.0;
				TARGETED_DEVICE_FAMILY = "1,2";
				TEST_HOST = "$(BUILT_PRODUCTS_DIR)/OrderFood.app/$(BUNDLE_EXECUTABLE_FOLDER_PATH)/OrderFood";
			};
			name = Release;
		};
		635B4BFD2CB016730015FB21 /* Debug */ = {
			isa = XCBuildConfiguration;
			buildSettings = {
				CODE_SIGN_STYLE = Automatic;
				CURRENT_PROJECT_VERSION = 1;
				DEVELOPMENT_TEAM = 7KRV65Y334;
				GENERATE_INFOPLIST_FILE = YES;
				MARKETING_VERSION = 1.0;
				PRODUCT_BUNDLE_IDENTIFIER = com.chatdemo.ios.OrderFoodUITests;
				PRODUCT_NAME = "$(TARGET_NAME)";
				SWIFT_EMIT_LOC_STRINGS = NO;
				SWIFT_VERSION = 5.0;
				TARGETED_DEVICE_FAMILY = "1,2";
				TEST_TARGET_NAME = OrderFood;
			};
			name = Debug;
		};
		635B4BFE2CB016730015FB21 /* Release */ = {
			isa = XCBuildConfiguration;
			buildSettings = {
				CODE_SIGN_STYLE = Automatic;
				CURRENT_PROJECT_VERSION = 1;
				DEVELOPMENT_TEAM = 7KRV65Y334;
				GENERATE_INFOPLIST_FILE = YES;
				MARKETING_VERSION = 1.0;
				PRODUCT_BUNDLE_IDENTIFIER = com.chatdemo.ios.OrderFoodUITests;
				PRODUCT_NAME = "$(TARGET_NAME)";
				SWIFT_EMIT_LOC_STRINGS = NO;
				SWIFT_VERSION = 5.0;
				TARGETED_DEVICE_FAMILY = "1,2";
				TEST_TARGET_NAME = OrderFood;
			};
			name = Release;
		};
/* End XCBuildConfiguration section */

/* Begin XCConfigurationList section */
		635B4BCB2CB016710015FB21 /* Build configuration list for PBXProject "OrderFood" */ = {
			isa = XCConfigurationList;
			buildConfigurations = (
				635B4BF42CB016730015FB21 /* Debug */,
				635B4BF52CB016730015FB21 /* Release */,
			);
			defaultConfigurationIsVisible = 0;
			defaultConfigurationName = Release;
		};
		635B4BF62CB016730015FB21 /* Build configuration list for PBXNativeTarget "OrderFood" */ = {
			isa = XCConfigurationList;
			buildConfigurations = (
				635B4BF72CB016730015FB21 /* Debug */,
				635B4BF82CB016730015FB21 /* Release */,
			);
			defaultConfigurationIsVisible = 0;
			defaultConfigurationName = Release;
		};
		635B4BF92CB016730015FB21 /* Build configuration list for PBXNativeTarget "OrderFoodTests" */ = {
			isa = XCConfigurationList;
			buildConfigurations = (
				635B4BFA2CB016730015FB21 /* Debug */,
				635B4BFB2CB016730015FB21 /* Release */,
			);
			defaultConfigurationIsVisible = 0;
			defaultConfigurationName = Release;
		};
		635B4BFC2CB016730015FB21 /* Build configuration list for PBXNativeTarget "OrderFoodUITests" */ = {
			isa = XCConfigurationList;
			buildConfigurations = (
				635B4BFD2CB016730015FB21 /* Debug */,
				635B4BFE2CB016730015FB21 /* Release */,
			);
			defaultConfigurationIsVisible = 0;
			defaultConfigurationName = Release;
		};
/* End XCConfigurationList section */
	};
	rootObject = 635B4BC82CB016710015FB21 /* Project object */;
}
