// !$*UTF8*$!
{
	archiveVersion = 1;
	classes = {
	};
	objectVersion = 77;
	objects = {

/* Begin PBXContainerItemProxy section */
		635B4BE32CB016730015FB21 /* PBXContainerItemProxy */ = {
			isa = PBXContainerItemProxy;
			containerPortal = 635B4BC82CB016710015FB21 /* Project object */;
			proxyType = 1;
			remoteGlobalIDString = 635B4BCF2CB016710015FB21;
			remoteInfo = OrderFood;
		};
		635B4BED2CB016730015FB21 /* PBXContainerItemProxy */ = {
			isa = PBXContainerItemProxy;
			containerPortal = 635B4BC82CB016710015FB21 /* Project object */;
			proxyType = 1;
			remoteGlobalIDString = 635B4BCF2CB016710015FB21;
			remoteInfo = OrderFood;
		};
/* End PBXContainerItemProxy section */

/* Begin PBXFileReference section */
		635B4BD02CB016710015FB21 /* OrderFood.app */ = {isa = PBXFileReference; explicitFileType = wrapper.application; includeInIndex = 0; path = OrderFood.app; sourceTree = BUILT_PRODUCTS_DIR; };
		635B4BE22CB016730015FB21 /* OrderFoodTests.xctest */ = {isa = PBXFileReference; explicitFileType = wrapper.cfbundle; includeInIndex = 0; path = OrderFoodTests.xctest; sourceTree = BUILT_PRODUCTS_DIR; };
		635B4BEC2CB016730015FB21 /* OrderFoodUITests.xctest */ = {isa = PBXFileReference; explicitFileType = wrapper.cfbundle; includeInIndex = 0; path = OrderFoodUITests.xctest; sourceTree = BUILT_PRODUCTS_DIR; };
/* End PBXFileReference section */

/* Begin PBXFileSystemSynchronizedBuildFileExceptionSet section */
		635B4C1D2CB3C0200015FB21 /* Exceptions for "OrderFood" folder in "OrderFood" target */ = {
			isa = PBXFileSystemSynchronizedBuildFileExceptionSet;
			membershipExceptions = (
				Info.plist,
			);
			target = 635B4BCF2CB016710015FB21 /* OrderFood */;
		};
/* End PBXFileSystemSynchronizedBuildFileExceptionSet section */

/* Begin PBXFileSystemSynchronizedRootGroup section */
		635B4BD22CB016710015FB21 /* OrderFood */ = {
			isa = PBXFileSystemSynchronizedRootGroup;
			exceptions = (
				635B4C1D2CB3C0200015FB21 /* Exceptions for "OrderFood" folder in "OrderFood" target */,
			);
			path = OrderFood;
			sourceTree = "<group>";
		};
		635B4BE52CB016730015FB21 /* OrderFoodTests */ = {
			isa = PBXFileSystemSynchronizedRootGroup;
			path = OrderFoodTests;
			sourceTree = "<group>";
		};
		635B4BEF2CB016730015FB21 /* OrderFoodUITests */ = {
			isa = PBXFileSystemSynchronizedRootGroup;
			path = OrderFoodUITests;
			sourceTree = "<group>";
		};
/* End PBXFileSystemSynchronizedRootGroup section */

/* Begin PBXFrameworksBuildPhase section */
		635B4BCD2CB016710015FB21 /* Frameworks */ = {
			isa = PBXFrameworksBuildPhase;
			buildActionMask = 2147483647;
			files = (
			);
			runOnlyForDeploymentPostprocessing = 0;
		};
		635B4BDF2CB016730015FB21 /* Frameworks */ = {
			isa = PBXFrameworksBuildPhase;
			buildActionMask = 2147483647;
			files = (
			);
			runOnlyForDeploymentPostprocessing = 0;
		};
		635B4BE92CB016730015FB21 /* Frameworks */ = {
			isa = PBXFrameworksBuildPhase;
			buildActionMask = 2147483647;
			files = (
			);
			runOnlyForDeploymentPostprocessing = 0;
		};
/* End PBXFrameworksBuildPhase section */

/* Begin PBXGroup section */
		635B4BC72CB016710015FB21 = {
			isa = PBXGroup;
			children = (
				635B4BD22CB016710015FB21 /* OrderFood */,
				635B4BE52CB016730015FB21 /* OrderFoodTests */,
				635B4BEF2CB016730015FB21 /* OrderFoodUITests */,
				635B4BD12CB016710015FB21 /* Products */,
			);
			sourceTree = "<group>";
		};
		635B4BD12CB016710015FB21 /* Products */ = {
			isa = PBXGroup;
			children = (
				635B4BD02CB016710015FB21 /* OrderFood.app */,
				635B4BE22CB016730015FB21 /* OrderFoodTests.xctest */,
				635B4BEC2CB016730015FB21 /* OrderFoodUITests.xctest */,
			);
			name = Products;
			sourceTree = "<group>";
		};
/* End PBXGroup section */

/* Begin PBXNativeTarget section */
		635B4BCF2CB016710015FB21 /* OrderFood */ = {
			isa = PBXNativeTarget;
			buildConfigurationList = 635B4BF62CB016730015FB21 /* Build configuration list for PBXNativeTarget "OrderFood" */;
			buildPhases = (
				635B4BCC2CB016710015FB21 /* Sources */,
				635B4BCD2CB016710015FB21 /* Frameworks */,
				635B4BCE2CB016710015FB21 /* Resources */,
			);
			buildRules = (
			);
			dependencies = (
			);
			fileSystemSynchronizedGroups = (
				635B4BD22CB016710015FB21 /* OrderFood */,
			);
			name = OrderFood;
			packageProductDependencies = (
			);
			productName = OrderFood;
			productReference = 635B4BD02CB016710015FB21 /* OrderFood.app */;
			productType = "com.apple.product-type.application";
		};
		635B4BE12CB016730015FB21 /* OrderFoodTests */ = {
			isa = PBXNativeTarget;
			buildConfigurationList = 635B4BF92CB016730015FB21 /* Build configuration list for PBXNativeTarget "OrderFoodTests" */;
			buildPhases = (
				635B4BDE2CB016730015FB21 /* Sources */,
				635B4BDF2CB016730015FB21 /* Frameworks */,
				635B4BE02CB016730015FB21 /* Resources */,
			);
			buildRules = (
			);
			dependencies = (
				635B4BE42CB016730015FB21 /* PBXTargetDependency */,
			);
			fileSystemSynchronizedGroups = (
				635B4BE52CB016730015FB21 /* OrderFoodTests */,
			);
			name = OrderFoodTests;
			packageProductDependencies = (
			);
			productName = OrderFoodTests;
			productReference = 635B4BE22CB016730015FB21 /* OrderFoodTests.xctest */;
			productType = "com.apple.product-type.bundle.unit-test";
		};
		635B4BEB2CB016730015FB21 /* OrderFoodUITests */ = {
			isa = PBXNativeTarget;
			buildConfigurationList = 635B4BFC2CB016730015FB21 /* Build configuration list for PBXNativeTarget "OrderFoodUITests" */;
			buildPhases = (
				635B4BE82CB016730015FB21 /* Sources */,
				635B4BE92CB016730015FB21 /* Frameworks */,
				635B4BEA2CB016730015FB21 /* Resources */,
			);
			buildRules = (
			);
			dependencies = (
				635B4BEE2CB016730015FB21 /* PBXTargetDependency */,
			);
			fileSystemSynchronizedGroups = (
				635B4BEF2CB016730015FB21 /* OrderFoodUITests */,
			);
			name = OrderFoodUITests;
			packageProductDependencies = (
			);
			productName = OrderFoodUITests;
			productReference = 635B4BEC2CB016730015FB21 /* OrderFoodUITests.xctest */;
			productType = "com.apple.product-type.bundle.ui-testing";
		};
/* End PBXNativeTarget section */

/* Begin PBXProject section */
		635B4BC82CB016710015FB21 /* Project object */ = {
			isa = PBXProject;
			attributes = {
				BuildIndependentTargetsInParallel = 1;
				LastSwiftUpdateCheck = 1600;
				LastUpgradeCheck = 1600;
				TargetAttributes = {
					635B4BCF2CB016710015FB21 = {
						CreatedOnToolsVersion = 16.0;
					};
					635B4BE12CB016730015FB21 = {
						CreatedOnToolsVersion = 16.0;
						TestTargetID = 635B4BCF2CB016710015FB21;
					};
					635B4BEB2CB016730015FB21 = {
						CreatedOnToolsVersion = 16.0;
						TestTargetID = 635B4BCF2CB016710015FB21;
					};
				};
			};
			buildConfigurationList = 635B4BCB2CB016710015FB21 /* Build configuration list for PBXProject "OrderFood" */;
			developmentRegion = en;
			hasScannedForEncodings = 0;
			knownRegions = (
				en,
				Base,
			);
			mainGroup = 635B4BC72CB016710015FB21;
			minimizedProjectReferenceProxies = 1;
			preferredProjectObjectVersion = 77;
			productRefGroup = 635B4BD12CB016710015FB21 /* Products */;
			projectDirPath = "";
			projectRoot = "";
			targets = (
				635B4BCF2CB016710015FB21 /* OrderFood */,
				635B4BE12CB016730015FB21 /* OrderFoodTests */,
				635B4BEB2CB016730015FB21 /* OrderFoodUITests */,
			);
		};
/* End PBXProject section */

/* Begin PBXResourcesBuildPhase section */
		635B4BCE2CB016710015FB21 /* Resources */ = {
			isa = PBXResourcesBuildPhase;
			buildActionMask = 2147483647;
			files = (
			);
			runOnlyForDeploymentPostprocessing = 0;
		};
		635B4BE02CB016730015FB21 /* Resources */ = {
			isa = PBXResourcesBuildPhase;
			buildActionMask = 2147483647;
			files = (
			);
			runOnlyForDeploymentPostprocessing = 0;
		};
		635B4BEA2CB016730015FB21 /* Resources */ = {
			isa = PBXResourcesBuildPhase;
			buildActionMask = 2147483647;
			files = (
			);
			runOnlyForDeploymentPostprocessing = 0;
		};
/* End PBXResourcesBuildPhase section */

/* Begin PBXSourcesBuildPhase section */
		635B4BCC2CB016710015FB21 /* Sources */ = {
			isa = PBXSourcesBuildPhase;
			buildActionMask = 2147483647;
			files = (
			);
			runOnlyForDeploymentPostprocessing = 0;
		};
		635B4BDE2CB016730015FB21 /* Sources */ = {
			isa = PBXSourcesBuildPhase;
			buildActionMask = 2147483647;
			files = (
			);
			runOnlyForDeploymentPostprocessing = 0;
		};
		635B4BE82CB016730015FB21 /* Sources */ = {
			isa = PBXSourcesBuildPhase;
			buildActionMask = 2147483647;
			files = (
			);
			runOnlyForDeploymentPostprocessing = 0;
		};
/* End PBXSourcesBuildPhase section */

/* Begin PBXTargetDependency section */
		635B4BE42CB016730015FB21 /* PBXTargetDependency */ = {
			isa = PBXTargetDependency;
			target = 635B4BCF2CB016710015FB21 /* OrderFood */;
			targetProxy = 635B4BE32CB016730015FB21 /* PBXContainerItemProxy */;
		};
		635B4BEE2CB016730015FB21 /* PBXTargetDependency */ = {
			isa = PBXTargetDependency;
			target = 635B4BCF2CB016710015FB21 /* OrderFood */;
			targetProxy = 635B4BED2CB016730015FB21 /* PBXContainerItemProxy */;
		};
/* End PBXTargetDependency section */

/* Begin XCBuildConfiguration section */
		635B4BF42CB016730015FB21 /* Debug */ = {
			isa = XCBuildConfiguration;
			buildSettings = {
				ALWAYS_SEARCH_USER_PATHS = NO;
				ASSETCATALOG_COMPILER_GENERATE_SWIFT_ASSET_SYMBOL_EXTENSIONS = YES;
				CLANG_ANALYZER_NONNULL = YES;
				CLANG_ANALYZER_NUMBER_OBJECT_CONVERSION = YES_AGGRESSIVE;
				CLANG_CXX_LANGUAGE_STANDARD = "gnu++20";
				CLANG_ENABLE_MODULES = YES;
				CLANG_ENABLE_OBJC_ARC = YES;
				CLANG_ENABLE_OBJC_WEAK = YES;
				CLANG_WARN_BLOCK_CAPTURE_AUTORELEASING = YES;
				CLANG_WARN_BOOL_CONVERSION = YES;
				CLANG_WARN_COMMA = YES;
				CLANG_WARN_CONSTANT_CONVERSION = YES;
				CLANG_WARN_DEPRECATED_OBJC_IMPLEMENTATIONS = YES;
				CLANG_WARN_DIRECT_OBJC_ISA_USAGE = YES_ERROR;
				CLANG_WARN_DOCUMENTATION_COMMENTS = YES;
				CLANG_WARN_EMPTY_BODY = YES;
				CLANG_WARN_ENUM_CONVERSION = YES;
				CLANG_WARN_INFINITE_RECURSION = YES;
				CLANG_WARN_INT_CONVERSION = YES;
				CLANG_WARN_NON_LITERAL_NULL_CONVERSION = YES;
				CLANG_WARN_OBJC_IMPLICIT_RETAIN_SELF = YES;
				CLANG_WARN_OBJC_LITERAL_CONVERSION = YES;
				CLANG_WARN_OBJC_ROOT_CLASS = YES_ERROR;
				CLANG_WARN_QUOTED_INCLUDE_IN_FRAMEWORK_HEADER = YES;
				CLANG_WARN_RANGE_LOOP_ANALYSIS = YES;
				CLANG_WARN_STRICT_PROTOTYPES = YES;
				CLANG_WARN_SUSPICIOUS_MOVE = YES;
				CLANG_WARN_UNGUARDED_AVAILABILITY = YES_AGGRESSIVE;
				CLANG_WARN_UNREACHABLE_CODE = YES;
				CLANG_WARN__DUPLICATE_METHOD_MATCH = YES;
				COPY_PHASE_STRIP = NO;
				DEBUG_INFORMATION_FORMAT = dwarf;
				ENABLE_STRICT_OBJC_MSGSEND = YES;
				ENABLE_TESTABILITY = YES;
				ENABLE_USER_SCRIPT_SANDBOXING = YES;
				GCC_C_LANGUAGE_STANDARD = gnu17;
				GCC_DYNAMIC_NO_PIC = NO;
				GCC_NO_COMMON_BLOCKS = YES;
				GCC_OPTIMIZATION_LEVEL = 0;
				GCC_PREPROCESSOR_DEFINITIONS = (
					"DEBUG=1",
					"$(inherited)",
				);
				GCC_WARN_64_TO_32_BIT_CONVERSION = YES;
				GCC_WARN_ABOUT_RETURN_TYPE = YES_ERROR;
				GCC_WARN_UNDECLARED_SELECTOR = YES;
				GCC_WARN_UNINITIALIZED_AUTOS = YES_AGGRESSIVE;
				GCC_WARN_UNUSED_FUNCTION = YES;
				GCC_WARN_UNUSED_VARIABLE = YES;
				IPHONEOS_DEPLOYMENT_TARGET = 18.0;
				LOCALIZATION_PREFERS_STRING_CATALOGS = YES;
				MTL_ENABLE_DEBUG_INFO = INCLUDE_SOURCE;
				MTL_FAST_MATH = YES;
				ONLY_ACTIVE_ARCH = YES;
				SDKROOT = iphoneos;
				SWIFT_ACTIVE_COMPILATION_CONDITIONS = "DEBUG $(inherited)";
				SWIFT_OPTIMIZATION_LEVEL = "-Onone";
			};
			name = Debug;
		};
		635B4BF52CB016730015FB21 /* Release */ = {
			isa = XCBuildConfiguration;
			buildSettings = {
				ALWAYS_SEARCH_USER_PATHS = NO;
				ASSETCATALOG_COMPILER_GENERATE_SWIFT_ASSET_SYMBOL_EXTENSIONS = YES;
				CLANG_ANALYZER_NONNULL = YES;
				CLANG_ANALYZER_NUMBER_OBJECT_CONVERSION = YES_AGGRESSIVE;
				CLANG_CXX_LANGUAGE_STANDARD = "gnu++20";
				CLANG_ENABLE_MODULES = YES;
				CLANG_ENABLE_OBJC_ARC = YES;
				CLANG_ENABLE_OBJC_WEAK = YES;
				CLANG_WARN_BLOCK_CAPTURE_AUTORELEASING = YES;
				CLANG_WARN_BOOL_CONVERSION = YES;
				CLANG_WARN_COMMA = YES;
				CLANG_WARN_CONSTANT_CONVERSION = YES;
				CLANG_WARN_DEPRECATED_OBJC_IMPLEMENTATIONS = YES;
				CLANG_WARN_DIRECT_OBJC_ISA_USAGE = YES_ERROR;
				CLANG_WARN_DOCUMENTATION_COMMENTS = YES;
				CLANG_WARN_EMPTY_BODY = YES;
				CLANG_WARN_ENUM_CONVERSION = YES;
				CLANG_WARN_INFINITE_RECURSION = YES;
				CLANG_WARN_INT_CONVERSION = YES;
				CLANG_WARN_NON_LITERAL_NULL_CONVERSION = YES;
				CLANG_WARN_OBJC_IMPLICIT_RETAIN_SELF = YES;
				CLANG_WARN_OBJC_LITERAL_CONVERSION = YES;
				CLANG_WARN_OBJC_ROOT_CLASS = YES_ERROR;
				CLANG_WARN_QUOTED_INCLUDE_IN_FRAMEWORK_HEADER = YES;
				CLANG_WARN_RANGE_LOOP_ANALYSIS = YES;
				CLANG_WARN_STRICT_PROTOTYPES = YES;
				CLANG_WARN_SUSPICIOUS_MOVE = YES;
				CLANG_WARN_UNGUARDED_AVAILABILITY = YES_AGGRESSIVE;
				CLANG_WARN_UNREACHABLE_CODE = YES;
				CLANG_WARN__DUPLICATE_METHOD_MATCH = YES;
				COPY_PHASE_STRIP = NO;
				DEBUG_INFORMATION_FORMAT = "dwarf-with-dsym";
				ENABLE_NS_ASSERTIONS = NO;
				ENABLE_STRICT_OBJC_MSGSEND = YES;
				ENABLE_USER_SCRIPT_SANDBOXING = YES;
				GCC_C_LANGUAGE_STANDARD = gnu17;
				GCC_NO_COMMON_BLOCKS = YES;
				GCC_WARN_64_TO_32_BIT_CONVERSION = YES;
				GCC_WARN_ABOUT_RETURN_TYPE = YES_ERROR;
				GCC_WARN_UNDECLARED_SELECTOR = YES;
				GCC_WARN_UNINITIALIZED_AUTOS = YES_AGGRESSIVE;
				GCC_WARN_UNUSED_FUNCTION = YES;
				GCC_WARN_UNUSED_VARIABLE = YES;
				IPHONEOS_DEPLOYMENT_TARGET = 18.0;
				LOCALIZATION_PREFERS_STRING_CATALOGS = YES;
				MTL_ENABLE_DEBUG_INFO = NO;
				MTL_FAST_MATH = YES;
				SDKROOT = iphoneos;
				SWIFT_COMPILATION_MODE = wholemodule;
				VALIDATE_PRODUCT = YES;
			};
			name = Release;
		};
		635B4BF72CB016730015FB21 /* Debug */ = {
			isa = XCBuildConfiguration;
			buildSettings = {
				ASSETCATALOG_COMPILER_APPICON_NAME = AppIcon;
				ASSETCATALOG_COMPILER_GLOBAL_ACCENT_COLOR_NAME = AccentColor;
				CODE_SIGN_STYLE = Automatic;
				CURRENT_PROJECT_VERSION = 1;
				DEVELOPMENT_ASSET_PATHS = "\"OrderFood/Preview Content\"";
				DEVELOPMENT_TEAM = 7KRV65Y334;
				ENABLE_PREVIEWS = YES;
				GENERATE_INFOPLIST_FILE = YES;
				INFOPLIST_FILE = OrderFood/Info.plist;
				INFOPLIST_KEY_UIApplicationSceneManifest_Generation = YES;
				INFOPLIST_KEY_UIApplicationSupportsIndirectInputEvents = YES;
				INFOPLIST_KEY_UILaunchScreen_Generation = YES;
				INFOPLIST_KEY_UISupportedInterfaceOrientations_iPad = "UIInterfaceOrientationPortrait UIInterfaceOrientationPortraitUpsideDown UIInterfaceOrientationLandscapeLeft UIInterfaceOrientationLandscapeRight";
				INFOPLIST_KEY_UISupportedInterfaceOrientations_iPhone = "UIInterfaceOrientationPortrait UIInterfaceOrientationLandscapeLeft UIInterfaceOrientationLandscapeRight";
				LD_RUNPATH_SEARCH_PATHS = (
					"$(inherited)",
					"@executable_path/Frameworks",
				);
				MARKETING_VERSION = 1.0;
				PRODUCT_BUNDLE_IDENTIFIER = com.chatdemo.ios.OrderFood;
				PRODUCT_NAME = "$(TARGET_NAME)";
				SWIFT_EMIT_LOC_STRINGS = YES;
				SWIFT_VERSION = 5.0;
				TARGETED_DEVICE_FAMILY = "1,2";
			};
			name = Debug;
		};
		635B4BF82CB016730015FB21 /* Release */ = {
			isa = XCBuildConfiguration;
			buildSettings = {
				ASSETCATALOG_COMPILER_APPICON_NAME = AppIcon;
				ASSETCATALOG_COMPILER_GLOBAL_ACCENT_COLOR_NAME = AccentColor;
				CODE_SIGN_STYLE = Automatic;
				CURRENT_PROJECT_VERSION = 1;
				DEVELOPMENT_ASSET_PATHS = "\"OrderFood/Preview Content\"";
				DEVELOPMENT_TEAM = 7KRV65Y334;
				ENABLE_PREVIEWS = YES;
				GENERATE_INFOPLIST_FILE = YES;
				INFOPLIST_FILE = OrderFood/Info.plist;
				INFOPLIST_KEY_UIApplicationSceneManifest_Generation = YES;
				INFOPLIST_KEY_UIApplicationSupportsIndirectInputEvents = YES;
				INFOPLIST_KEY_UILaunchScreen_Generation = YES;
				INFOPLIST_KEY_UISupportedInterfaceOrientations_iPad = "UIInterfaceOrientationPortrait UIInterfaceOrientationPortraitUpsideDown UIInterfaceOrientationLandscapeLeft UIInterfaceOrientationLandscapeRight";
				INFOPLIST_KEY_UISupportedInterfaceOrientations_iPhone = "UIInterfaceOrientationPortrait UIInterfaceOrientationLandscapeLeft UIInterfaceOrientationLandscapeRight";
				LD_RUNPATH_SEARCH_PATHS = (
					"$(inherited)",
					"@executable_path/Frameworks",
				);
				MARKETING_VERSION = 1.0;
				PRODUCT_BUNDLE_IDENTIFIER = com.chatdemo.ios.OrderFood;
				PRODUCT_NAME = "$(TARGET_NAME)";
				SWIFT_EMIT_LOC_STRINGS = YES;
				SWIFT_VERSION = 5.0;
				TARGETED_DEVICE_FAMILY = "1,2";
			};
			name = Release;
		};
		635B4BFA2CB016730015FB21 /* Debug */ = {
			isa = XCBuildConfiguration;
			buildSettings = {
				BUNDLE_LOADER = "$(TEST_HOST)";
				CODE_SIGN_STYLE = Automatic;
				CURRENT_PROJECT_VERSION = 1;
				DEVELOPMENT_TEAM = 7KRV65Y334;
				GENERATE_INFOPLIST_FILE = YES;
				IPHONEOS_DEPLOYMENT_TARGET = 18.0;
				MARKETING_VERSION = 1.0;
				PRODUCT_BUNDLE_IDENTIFIER = com.chatdemo.ios.OrderFoodTests;
				PRODUCT_NAME = "$(TARGET_NAME)";
				SWIFT_EMIT_LOC_STRINGS = NO;
				SWIFT_VERSION = 5.0;
				TARGETED_DEVICE_FAMILY = "1,2";
				TEST_HOST = "$(BUILT_PRODUCTS_DIR)/OrderFood.app/$(BUNDLE_EXECUTABLE_FOLDER_PATH)/OrderFood";
			};
			name = Debug;
		};
		635B4BFB2CB016730015FB21 /* Release */ = {
			isa = XCBuildConfiguration;
			buildSettings = {
				BUNDLE_LOADER = "$(TEST_HOST)";
				CODE_SIGN_STYLE = Automatic;
				CURRENT_PROJECT_VERSION = 1;
				DEVELOPMENT_TEAM = 7KRV65Y334;
				GENERATE_INFOPLIST_FILE = YES;
				IPHONEOS_DEPLOYMENT_TARGET = 18.0;
				MARKETING_VERSION = 1.0;
				PRODUCT_BUNDLE_IDENTIFIER = com.chatdemo.ios.OrderFoodTests;
				PRODUCT_NAME = "$(TARGET_NAME)";
				SWIFT_EMIT_LOC_STRINGS = NO;
				SWIFT_VERSION = 5.0;
				TARGETED_DEVICE_FAMILY = "1,2";
				TEST_HOST = "$(BUILT_PRODUCTS_DIR)/OrderFood.app/$(BUNDLE_EXECUTABLE_FOLDER_PATH)/OrderFood";
			};
			name = Release;
		};
		635B4BFD2CB016730015FB21 /* Debug */ = {
			isa = XCBuildConfiguration;
			buildSettings = {
				CODE_SIGN_STYLE = Automatic;
				CURRENT_PROJECT_VERSION = 1;
				DEVELOPMENT_TEAM = 7KRV65Y334;
				GENERATE_INFOPLIST_FILE = YES;
				MARKETING_VERSION = 1.0;
				PRODUCT_BUNDLE_IDENTIFIER = com.chatdemo.ios.OrderFoodUITests;
				PRODUCT_NAME = "$(TARGET_NAME)";
				SWIFT_EMIT_LOC_STRINGS = NO;
				SWIFT_VERSION = 5.0;
				TARGETED_DEVICE_FAMILY = "1,2";
				TEST_TARGET_NAME = OrderFood;
			};
			name = Debug;
		};
		635B4BFE2CB016730015FB21 /* Release */ = {
			isa = XCBuildConfiguration;
			buildSettings = {
				CODE_SIGN_STYLE = Automatic;
				CURRENT_PROJECT_VERSION = 1;
				DEVELOPMENT_TEAM = 7KRV65Y334;
				GENERATE_INFOPLIST_FILE = YES;
				MARKETING_VERSION = 1.0;
				PRODUCT_BUNDLE_IDENTIFIER = com.chatdemo.ios.OrderFoodUITests;
				PRODUCT_NAME = "$(TARGET_NAME)";
				SWIFT_EMIT_LOC_STRINGS = NO;
				SWIFT_VERSION = 5.0;
				TARGETED_DEVICE_FAMILY = "1,2";
				TEST_TARGET_NAME = OrderFood;
			};
			name = Release;
		};
/* End XCBuildConfiguration section */

/* Begin XCConfigurationList section */
		635B4BCB2CB016710015FB21 /* Build configuration list for PBXProject "OrderFood" */ = {
			isa = XCConfigurationList;
			buildConfigurations = (
				635B4BF42CB016730015FB21 /* Debug */,
				635B4BF52CB016730015FB21 /* Release */,
			);
			defaultConfigurationIsVisible = 0;
			defaultConfigurationName = Release;
		};
		635B4BF62CB016730015FB21 /* Build configuration list for PBXNativeTarget "OrderFood" */ = {
			isa = XCConfigurationList;
			buildConfigurations = (
				635B4BF72CB016730015FB21 /* Debug */,
				635B4BF82CB016730015FB21 /* Release */,
			);
			defaultConfigurationIsVisible = 0;
			defaultConfigurationName = Release;
		};
		635B4BF92CB016730015FB21 /* Build configuration list for PBXNativeTarget "OrderFoodTests" */ = {
			isa = XCConfigurationList;
			buildConfigurations = (
				635B4BFA2CB016730015FB21 /* Debug */,
				635B4BFB2CB016730015FB21 /* Release */,
			);
			defaultConfigurationIsVisible = 0;
			defaultConfigurationName = Release;
		};
		635B4BFC2CB016730015FB21 /* Build configuration list for PBXNativeTarget "OrderFoodUITests" */ = {
			isa = XCConfigurationList;
			buildConfigurations = (
				635B4BFD2CB016730015FB21 /* Debug */,
				635B4BFE2CB016730015FB21 /* Release */,
			);
			defaultConfigurationIsVisible = 0;
			defaultConfigurationName = Release;
		};
/* End XCConfigurationList section */
	};
	rootObject = 635B4BC82CB016710015FB21 /* Project object */;
}
